// !$*UTF8*$!
{
	archiveVersion = 1;
	classes = {
	};
	objectVersion = 46;
	objects = {

/* Begin PBXBuildFile section */
		2E7E28B4BA1E42D79C6B40A6 /* libPods.a in Frameworks */ = {isa = PBXBuildFile; fileRef = E263DD74E2904C2E91FEA553 /* libPods.a */; };
		93056B6D17C709C900AE8AF6 /* UIKit.framework in Frameworks */ = {isa = PBXBuildFile; fileRef = 93056B6C17C709C900AE8AF6 /* UIKit.framework */; };
		93056B6F17C709C900AE8AF6 /* Foundation.framework in Frameworks */ = {isa = PBXBuildFile; fileRef = 93056B6E17C709C900AE8AF6 /* Foundation.framework */; };
		93056B7117C709C900AE8AF6 /* CoreGraphics.framework in Frameworks */ = {isa = PBXBuildFile; fileRef = 93056B7017C709C900AE8AF6 /* CoreGraphics.framework */; };
		93056B7717C709C900AE8AF6 /* InfoPlist.strings in Resources */ = {isa = PBXBuildFile; fileRef = 93056B7517C709C900AE8AF6 /* InfoPlist.strings */; };
		93056B7917C709C900AE8AF6 /* main.m in Sources */ = {isa = PBXBuildFile; fileRef = 93056B7817C709C900AE8AF6 /* main.m */; };
		93056B7D17C709C900AE8AF6 /* PCAppDelegate.m in Sources */ = {isa = PBXBuildFile; fileRef = 93056B7C17C709C900AE8AF6 /* PCAppDelegate.m */; };
		93056B7F17C709C900AE8AF6 /* Default.png in Resources */ = {isa = PBXBuildFile; fileRef = 93056B7E17C709C900AE8AF6 /* Default.png */; };
		93056B8117C709CA00AE8AF6 /* Default@2x.png in Resources */ = {isa = PBXBuildFile; fileRef = 93056B8017C709C900AE8AF6 /* Default@2x.png */; };
		93056B8317C709CA00AE8AF6 /* Default-568h@2x.png in Resources */ = {isa = PBXBuildFile; fileRef = 93056B8217C709CA00AE8AF6 /* Default-568h@2x.png */; };
		93056B8617C709CA00AE8AF6 /* MainStoryboard_iPhone.storyboard in Resources */ = {isa = PBXBuildFile; fileRef = 93056B8417C709CA00AE8AF6 /* MainStoryboard_iPhone.storyboard */; };
		93056B8917C709CA00AE8AF6 /* MainStoryboard_iPad.storyboard in Resources */ = {isa = PBXBuildFile; fileRef = 93056B8717C709CA00AE8AF6 /* MainStoryboard_iPad.storyboard */; };
		93056B8C17C709CA00AE8AF6 /* PCViewController.m in Sources */ = {isa = PBXBuildFile; fileRef = 93056B8B17C709CA00AE8AF6 /* PCViewController.m */; };
		9373374117CB3677001459DA /* CoreText.framework in Frameworks */ = {isa = PBXBuildFile; fileRef = 9373374017CB3677001459DA /* CoreText.framework */; };
/* End PBXBuildFile section */

/* Begin PBXFileReference section */
		2AB17E2F978944739069D5ED /* Pods.xcconfig */ = {isa = PBXFileReference; includeInIndex = 1; lastKnownFileType = text.xcconfig; name = Pods.xcconfig; path = Pods/Pods.xcconfig; sourceTree = SOURCE_ROOT; };
		93056B6917C709C900AE8AF6 /* push4cocoa.app */ = {isa = PBXFileReference; explicitFileType = wrapper.application; includeInIndex = 0; path = push4cocoa.app; sourceTree = BUILT_PRODUCTS_DIR; };
		93056B6C17C709C900AE8AF6 /* UIKit.framework */ = {isa = PBXFileReference; lastKnownFileType = wrapper.framework; name = UIKit.framework; path = System/Library/Frameworks/UIKit.framework; sourceTree = SDKROOT; };
		93056B6E17C709C900AE8AF6 /* Foundation.framework */ = {isa = PBXFileReference; lastKnownFileType = wrapper.framework; name = Foundation.framework; path = System/Library/Frameworks/Foundation.framework; sourceTree = SDKROOT; };
		93056B7017C709C900AE8AF6 /* CoreGraphics.framework */ = {isa = PBXFileReference; lastKnownFileType = wrapper.framework; name = CoreGraphics.framework; path = System/Library/Frameworks/CoreGraphics.framework; sourceTree = SDKROOT; };
		93056B7417C709C900AE8AF6 /* push4cocoa-Info.plist */ = {isa = PBXFileReference; lastKnownFileType = text.plist.xml; path = "push4cocoa-Info.plist"; sourceTree = "<group>"; };
		93056B7617C709C900AE8AF6 /* en */ = {isa = PBXFileReference; lastKnownFileType = text.plist.strings; name = en; path = en.lproj/InfoPlist.strings; sourceTree = "<group>"; };
		93056B7817C709C900AE8AF6 /* main.m */ = {isa = PBXFileReference; lastKnownFileType = sourcecode.c.objc; path = main.m; sourceTree = "<group>"; };
		93056B7A17C709C900AE8AF6 /* push4cocoa-Prefix.pch */ = {isa = PBXFileReference; lastKnownFileType = sourcecode.c.h; path = "push4cocoa-Prefix.pch"; sourceTree = "<group>"; };
		93056B7B17C709C900AE8AF6 /* PCAppDelegate.h */ = {isa = PBXFileReference; lastKnownFileType = sourcecode.c.h; path = PCAppDelegate.h; sourceTree = "<group>"; };
		93056B7C17C709C900AE8AF6 /* PCAppDelegate.m */ = {isa = PBXFileReference; lastKnownFileType = sourcecode.c.objc; path = PCAppDelegate.m; sourceTree = "<group>"; };
		93056B7E17C709C900AE8AF6 /* Default.png */ = {isa = PBXFileReference; lastKnownFileType = image.png; path = Default.png; sourceTree = "<group>"; };
		93056B8017C709C900AE8AF6 /* Default@2x.png */ = {isa = PBXFileReference; lastKnownFileType = image.png; path = "Default@2x.png"; sourceTree = "<group>"; };
		93056B8217C709CA00AE8AF6 /* Default-568h@2x.png */ = {isa = PBXFileReference; lastKnownFileType = image.png; path = "Default-568h@2x.png"; sourceTree = "<group>"; };
		93056B8517C709CA00AE8AF6 /* en */ = {isa = PBXFileReference; lastKnownFileType = file.storyboard; name = en; path = en.lproj/MainStoryboard_iPhone.storyboard; sourceTree = "<group>"; };
		93056B8817C709CA00AE8AF6 /* en */ = {isa = PBXFileReference; lastKnownFileType = file.storyboard; name = en; path = en.lproj/MainStoryboard_iPad.storyboard; sourceTree = "<group>"; };
		93056B8A17C709CA00AE8AF6 /* PCViewController.h */ = {isa = PBXFileReference; lastKnownFileType = sourcecode.c.h; path = PCViewController.h; sourceTree = "<group>"; };
		93056B8B17C709CA00AE8AF6 /* PCViewController.m */ = {isa = PBXFileReference; lastKnownFileType = sourcecode.c.objc; path = PCViewController.m; sourceTree = "<group>"; };
		9373374017CB3677001459DA /* CoreText.framework */ = {isa = PBXFileReference; lastKnownFileType = wrapper.framework; name = CoreText.framework; path = System/Library/Frameworks/CoreText.framework; sourceTree = SDKROOT; };
		E263DD74E2904C2E91FEA553 /* libPods.a */ = {isa = PBXFileReference; explicitFileType = archive.ar; includeInIndex = 0; path = libPods.a; sourceTree = BUILT_PRODUCTS_DIR; };
/* End PBXFileReference section */

/* Begin PBXFrameworksBuildPhase section */
		93056B6617C709C900AE8AF6 /* Frameworks */ = {
			isa = PBXFrameworksBuildPhase;
			buildActionMask = 2147483647;
			files = (
				9373374117CB3677001459DA /* CoreText.framework in Frameworks */,
				93056B6D17C709C900AE8AF6 /* UIKit.framework in Frameworks */,
				93056B6F17C709C900AE8AF6 /* Foundation.framework in Frameworks */,
				93056B7117C709C900AE8AF6 /* CoreGraphics.framework in Frameworks */,
				2E7E28B4BA1E42D79C6B40A6 /* libPods.a in Frameworks */,
			);
			runOnlyForDeploymentPostprocessing = 0;
		};
/* End PBXFrameworksBuildPhase section */

/* Begin PBXGroup section */
		93056B6017C709C900AE8AF6 = {
			isa = PBXGroup;
			children = (
				93056B7217C709C900AE8AF6 /* push4cocoa */,
				93056B6B17C709C900AE8AF6 /* Frameworks */,
				93056B6A17C709C900AE8AF6 /* Products */,
				2AB17E2F978944739069D5ED /* Pods.xcconfig */,
			);
			sourceTree = "<group>";
		};
		93056B6A17C709C900AE8AF6 /* Products */ = {
			isa = PBXGroup;
			children = (
				93056B6917C709C900AE8AF6 /* push4cocoa.app */,
			);
			name = Products;
			sourceTree = "<group>";
		};
		93056B6B17C709C900AE8AF6 /* Frameworks */ = {
			isa = PBXGroup;
			children = (
				9373374017CB3677001459DA /* CoreText.framework */,
				93056B6C17C709C900AE8AF6 /* UIKit.framework */,
				93056B6E17C709C900AE8AF6 /* Foundation.framework */,
				93056B7017C709C900AE8AF6 /* CoreGraphics.framework */,
				E263DD74E2904C2E91FEA553 /* libPods.a */,
			);
			name = Frameworks;
			sourceTree = "<group>";
		};
		93056B7217C709C900AE8AF6 /* push4cocoa */ = {
			isa = PBXGroup;
			children = (
				93056B7B17C709C900AE8AF6 /* PCAppDelegate.h */,
				93056B7C17C709C900AE8AF6 /* PCAppDelegate.m */,
				93056B8417C709CA00AE8AF6 /* MainStoryboard_iPhone.storyboard */,
				93056B8717C709CA00AE8AF6 /* MainStoryboard_iPad.storyboard */,
				93056B8A17C709CA00AE8AF6 /* PCViewController.h */,
				93056B8B17C709CA00AE8AF6 /* PCViewController.m */,
				93056B7317C709C900AE8AF6 /* Supporting Files */,
			);
			path = push4cocoa;
			sourceTree = "<group>";
		};
		93056B7317C709C900AE8AF6 /* Supporting Files */ = {
			isa = PBXGroup;
			children = (
				93056B7417C709C900AE8AF6 /* push4cocoa-Info.plist */,
				93056B7517C709C900AE8AF6 /* InfoPlist.strings */,
				93056B7817C709C900AE8AF6 /* main.m */,
				93056B7A17C709C900AE8AF6 /* push4cocoa-Prefix.pch */,
				93056B7E17C709C900AE8AF6 /* Default.png */,
				93056B8017C709C900AE8AF6 /* Default@2x.png */,
				93056B8217C709CA00AE8AF6 /* Default-568h@2x.png */,
			);
			name = "Supporting Files";
			sourceTree = "<group>";
		};
/* End PBXGroup section */

/* Begin PBXNativeTarget section */
		93056B6817C709C900AE8AF6 /* push4cocoa */ = {
			isa = PBXNativeTarget;
			buildConfigurationList = 93056B8F17C709CA00AE8AF6 /* Build configuration list for PBXNativeTarget "push4cocoa" */;
			buildPhases = (
				1AA8B5AC21474900A5F1032D /* Check Pods Manifest.lock */,
				93056B6517C709C900AE8AF6 /* Sources */,
				93056B6617C709C900AE8AF6 /* Frameworks */,
				93056B6717C709C900AE8AF6 /* Resources */,
				427F3B2510F44636BD4AC4C5 /* Copy Pods Resources */,
			);
			buildRules = (
			);
			dependencies = (
			);
			name = push4cocoa;
			productName = push4cocoa;
			productReference = 93056B6917C709C900AE8AF6 /* push4cocoa.app */;
			productType = "com.apple.product-type.application";
		};
/* End PBXNativeTarget section */

/* Begin PBXProject section */
		93056B6117C709C900AE8AF6 /* Project object */ = {
			isa = PBXProject;
			attributes = {
				CLASSPREFIX = PC;
				LastUpgradeCheck = 0460;
				ORGANIZATIONNAME = lv;
				TargetAttributes = {
					93056B6817C709C900AE8AF6 = {
						DevelopmentTeam = J45F7RZ9E5;
					};
				};
			};
			buildConfigurationList = 93056B6417C709C900AE8AF6 /* Build configuration list for PBXProject "push4cocoa" */;
			compatibilityVersion = "Xcode 3.2";
			developmentRegion = English;
			hasScannedForEncodings = 0;
			knownRegions = (
				en,
			);
			mainGroup = 93056B6017C709C900AE8AF6;
			productRefGroup = 93056B6A17C709C900AE8AF6 /* Products */;
			projectDirPath = "";
			projectRoot = "";
			targets = (
				93056B6817C709C900AE8AF6 /* push4cocoa */,
			);
		};
/* End PBXProject section */

/* Begin PBXResourcesBuildPhase section */
		93056B6717C709C900AE8AF6 /* Resources */ = {
			isa = PBXResourcesBuildPhase;
			buildActionMask = 2147483647;
			files = (
				93056B7717C709C900AE8AF6 /* InfoPlist.strings in Resources */,
				93056B7F17C709C900AE8AF6 /* Default.png in Resources */,
				93056B8117C709CA00AE8AF6 /* Default@2x.png in Resources */,
				93056B8317C709CA00AE8AF6 /* Default-568h@2x.png in Resources */,
				93056B8617C709CA00AE8AF6 /* MainStoryboard_iPhone.storyboard in Resources */,
				93056B8917C709CA00AE8AF6 /* MainStoryboard_iPad.storyboard in Resources */,
			);
			runOnlyForDeploymentPostprocessing = 0;
		};
/* End PBXResourcesBuildPhase section */

/* Begin PBXShellScriptBuildPhase section */
		1AA8B5AC21474900A5F1032D /* Check Pods Manifest.lock */ = {
			isa = PBXShellScriptBuildPhase;
			buildActionMask = 2147483647;
			files = (
			);
			inputPaths = (
			);
			name = "Check Pods Manifest.lock";
			outputPaths = (
			);
			runOnlyForDeploymentPostprocessing = 0;
			shellPath = /bin/sh;
			shellScript = "diff \"${PODS_ROOT}/../Podfile.lock\" \"${PODS_ROOT}/Manifest.lock\" > /dev/null\nif [[ $? != 0 ]] ; then\n    cat << EOM\nerror: The sandbox is not in sync with the Podfile.lock. Run 'pod install' or update your CocoaPods installation.\nEOM\n    exit 1\nfi\n";
		};
		427F3B2510F44636BD4AC4C5 /* Copy Pods Resources */ = {
			isa = PBXShellScriptBuildPhase;
			buildActionMask = 2147483647;
			files = (
			);
			inputPaths = (
			);
			name = "Copy Pods Resources";
			outputPaths = (
			);
			runOnlyForDeploymentPostprocessing = 0;
			shellPath = /bin/sh;
			shellScript = "\"${SRCROOT}/Pods/Pods-resources.sh\"\n";
		};
/* End PBXShellScriptBuildPhase section */

/* Begin PBXSourcesBuildPhase section */
		93056B6517C709C900AE8AF6 /* Sources */ = {
			isa = PBXSourcesBuildPhase;
			buildActionMask = 2147483647;
			files = (
				93056B7917C709C900AE8AF6 /* main.m in Sources */,
				93056B7D17C709C900AE8AF6 /* PCAppDelegate.m in Sources */,
				93056B8C17C709CA00AE8AF6 /* PCViewController.m in Sources */,
			);
			runOnlyForDeploymentPostprocessing = 0;
		};
/* End PBXSourcesBuildPhase section */

/* Begin PBXVariantGroup section */
		93056B7517C709C900AE8AF6 /* InfoPlist.strings */ = {
			isa = PBXVariantGroup;
			children = (
				93056B7617C709C900AE8AF6 /* en */,
			);
			name = InfoPlist.strings;
			sourceTree = "<group>";
		};
		93056B8417C709CA00AE8AF6 /* MainStoryboard_iPhone.storyboard */ = {
			isa = PBXVariantGroup;
			children = (
				93056B8517C709CA00AE8AF6 /* en */,
			);
			name = MainStoryboard_iPhone.storyboard;
			sourceTree = "<group>";
		};
		93056B8717C709CA00AE8AF6 /* MainStoryboard_iPad.storyboard */ = {
			isa = PBXVariantGroup;
			children = (
				93056B8817C709CA00AE8AF6 /* en */,
			);
			name = MainStoryboard_iPad.storyboard;
			sourceTree = "<group>";
		};
/* End PBXVariantGroup section */

/* Begin XCBuildConfiguration section */
		93056B8D17C709CA00AE8AF6 /* Debug */ = {
			isa = XCBuildConfiguration;
			buildSettings = {
				ALWAYS_SEARCH_USER_PATHS = NO;
				CLANG_CXX_LANGUAGE_STANDARD = "gnu++0x";
				CLANG_CXX_LIBRARY = "libc++";
				CLANG_ENABLE_OBJC_ARC = YES;
				CLANG_WARN_CONSTANT_CONVERSION = YES;
				CLANG_WARN_EMPTY_BODY = YES;
				CLANG_WARN_ENUM_CONVERSION = YES;
				CLANG_WARN_INT_CONVERSION = YES;
				CLANG_WARN__DUPLICATE_METHOD_MATCH = YES;
				"CODE_SIGN_IDENTITY[sdk=iphoneos*]" = "iPhone Developer";
				COPY_PHASE_STRIP = NO;
				GCC_C_LANGUAGE_STANDARD = gnu99;
				GCC_DYNAMIC_NO_PIC = NO;
				GCC_OPTIMIZATION_LEVEL = 0;
				GCC_PREPROCESSOR_DEFINITIONS = (
					"DEBUG=1",
					"$(inherited)",
				);
				GCC_SYMBOLS_PRIVATE_EXTERN = NO;
				GCC_WARN_ABOUT_RETURN_TYPE = YES;
				GCC_WARN_UNINITIALIZED_AUTOS = YES;
				GCC_WARN_UNUSED_VARIABLE = YES;
				IPHONEOS_DEPLOYMENT_TARGET = 6.1;
				ONLY_ACTIVE_ARCH = YES;
				SDKROOT = iphoneos;
				TARGETED_DEVICE_FAMILY = "1,2";
			};
			name = Debug;
		};
		93056B8E17C709CA00AE8AF6 /* Release */ = {
			isa = XCBuildConfiguration;
			buildSettings = {
				ALWAYS_SEARCH_USER_PATHS = NO;
				CLANG_CXX_LANGUAGE_STANDARD = "gnu++0x";
				CLANG_CXX_LIBRARY = "libc++";
				CLANG_ENABLE_OBJC_ARC = YES;
				CLANG_WARN_CONSTANT_CONVERSION = YES;
				CLANG_WARN_EMPTY_BODY = YES;
				CLANG_WARN_ENUM_CONVERSION = YES;
				CLANG_WARN_INT_CONVERSION = YES;
				CLANG_WARN__DUPLICATE_METHOD_MATCH = YES;
				"CODE_SIGN_IDENTITY[sdk=iphoneos*]" = "iPhone Developer";
				COPY_PHASE_STRIP = YES;
				GCC_C_LANGUAGE_STANDARD = gnu99;
				GCC_WARN_ABOUT_RETURN_TYPE = YES;
				GCC_WARN_UNINITIALIZED_AUTOS = YES;
				GCC_WARN_UNUSED_VARIABLE = YES;
				IPHONEOS_DEPLOYMENT_TARGET = 6.1;
				OTHER_CFLAGS = "-DNS_BLOCK_ASSERTIONS=1";
				SDKROOT = iphoneos;
				TARGETED_DEVICE_FAMILY = "1,2";
				VALIDATE_PRODUCT = YES;
			};
			name = Release;
		};
		93056B9017C709CA00AE8AF6 /* Debug */ = {
			isa = XCBuildConfiguration;
			baseConfigurationReference = 2AB17E2F978944739069D5ED /* Pods.xcconfig */;
			buildSettings = {
				CODE_SIGN_IDENTITY = "iPhone Developer";
				GCC_PRECOMPILE_PREFIX_HEADER = YES;
				GCC_PREFIX_HEADER = "push4cocoa/push4cocoa-Prefix.pch";
				INFOPLIST_FILE = "push4cocoa/push4cocoa-Info.plist";
				PRODUCT_NAME = "$(TARGET_NAME)";
				WRAPPER_EXTENSION = app;
			};
			name = Debug;
		};
		93056B9117C709CA00AE8AF6 /* Release */ = {
			isa = XCBuildConfiguration;
			baseConfigurationReference = 2AB17E2F978944739069D5ED /* Pods.xcconfig */;
			buildSettings = {
				CODE_SIGN_IDENTITY = "iPhone Developer";
				GCC_PRECOMPILE_PREFIX_HEADER = YES;
				GCC_PREFIX_HEADER = "push4cocoa/push4cocoa-Prefix.pch";
				INFOPLIST_FILE = "push4cocoa/push4cocoa-Info.plist";
				PRODUCT_NAME = "$(TARGET_NAME)";
				WRAPPER_EXTENSION = app;
			};
			name = Release;
		};
/* End XCBuildConfiguration section */

/* Begin XCConfigurationList section */
		93056B6417C709C900AE8AF6 /* Build configuration list for PBXProject "push4cocoa" */ = {
			isa = XCConfigurationList;
			buildConfigurations = (
				93056B8D17C709CA00AE8AF6 /* Debug */,
				93056B8E17C709CA00AE8AF6 /* Release */,
			);
			defaultConfigurationIsVisible = 0;
			defaultConfigurationName = Release;
		};
		93056B8F17C709CA00AE8AF6 /* Build configuration list for PBXNativeTarget "push4cocoa" */ = {
			isa = XCConfigurationList;
			buildConfigurations = (
				93056B9017C709CA00AE8AF6 /* Debug */,
				93056B9117C709CA00AE8AF6 /* Release */,
			);
			defaultConfigurationIsVisible = 0;
			defaultConfigurationName = Release;
		};
/* End XCConfigurationList section */
	};
	rootObject = 93056B6117C709C900AE8AF6 /* Project object */;
}
